
Microsoft Visual Studio Solution File, Format Version 12.00
# Visual Studio Version 17
VisualStudioVersion = 17.0.31903.59
MinimumVisualStudioVersion = 10.0.40219.1
Project("{2150E333-8FDC-42A3-9474-1A3956D46DE8}") = "src", "src", "{827E0CD3-B72D-47B6-A68D-7590B98EB39B}"
EndProject
Project("{FAE04EC0-301F-11D3-BF4B-00C04F79EFBC}") = "DeviceDirectory", "src\DeviceDirectory\DeviceDirectory.csproj", "{09A64C89-D2C3-4784-A75E-093C9C534F8B}"
EndProject
Project("{FAE04EC0-301F-11D3-BF4B-00C04F79EFBC}") = "Shared.Auth", "src\Shared.Auth\Shared.Auth.csproj", "{3073A0D8-4683-4D2D-A674-91B98734D090}"
EndProject
Project("{FAE04EC0-301F-11D3-BF4B-00C04F79EFBC}") = "Shared.Seeding", "src\Shared.Seeding\Shared.Seeding.csproj", "{9BC5E6AB-648D-4462-85BB-A4F5302B24C2}"
EndProject
Project("{FAE04EC0-301F-11D3-BF4B-00C04F79EFBC}") = "Gateway", "src\Gateway\Gateway.csproj", "{ABADF68E-CA72-40E7-B338-C83DAB3CF41C}"
EndProject
Project("{FAE04EC0-301F-11D3-BF4B-00C04F79EFBC}") = "Patch", "src\Patch\Patch.csproj", "{998EE6B4-2788-4765-9A4C-4A5F6F2BEB1A}"
EndProject
Project("{FAE04EC0-301F-11D3-BF4B-00C04F79EFBC}") = "SoftwareInstall", "src\SoftwareInstall\SoftwareInstall.csproj", "{024D9201-20B2-4C53-81A7-E355523FF659}"
EndProject
Project("{FAE04EC0-301F-11D3-BF4B-00C04F79EFBC}") = "TokenGenerator", "src\TokenGenerator\TokenGenerator.csproj", "{9809DDB9-4B4D-4C1C-AAD5-342DD0A8C68C}"
EndProject
Project("{FAE04EC0-301F-11D3-BF4B-00C04F79EFBC}") = "Vulnerability", "src\Vulnerability\Vulnerability.csproj", "{AAD1A900-C137-4B1D-ACB6-F9106C07D0FA}"
EndProject
Project("{2150E333-8FDC-42A3-9474-1A3956D46DE8}") = "tests", "tests", "{0AB3BF05-4346-4AA6-1389-037BE0695223}"
EndProject
Project("{FAE04EC0-301F-11D3-BF4B-00C04F79EFBC}") = "DeviceDirectory.Tests", "tests\DeviceDirectory.Tests\DeviceDirectory.Tests.csproj", "{D6869FBF-F4E7-4A02-BC50-FF6434ECBFA1}"
EndProject
Project("{FAE04EC0-301F-11D3-BF4B-00C04F79EFBC}") = "Gateway.Tests", "tests\Gateway.Tests\Gateway.Tests.csproj", "{C9AE3A06-DC3F-453B-8C8F-56EE97A2C9F6}"
EndProject
Project("{FAE04EC0-301F-11D3-BF4B-00C04F79EFBC}") = "Patch.Tests", "tests\Patch.Tests\Patch.Tests.csproj", "{A5DEE8DD-8B1F-437B-9BDD-0B1A985B6F04}"
EndProject
Project("{FAE04EC0-301F-11D3-BF4B-00C04F79EFBC}") = "Shared.Auth.Tests", "tests\Shared.Auth.Tests\Shared.Auth.Tests.csproj", "{85A08AF3-C776-4395-99ED-FD15DDB977A2}"
EndProject
Project("{FAE04EC0-301F-11D3-BF4B-00C04F79EFBC}") = "Shared.Seeding.Tests", "tests\Shared.Seeding.Tests\Shared.Seeding.Tests.csproj", "{1ACFA897-8CF0-4F2F-8791-DE0809812B71}"
EndProject
Project("{FAE04EC0-301F-11D3-BF4B-00C04F79EFBC}") = "SoftwareInstall.Tests", "tests\SoftwareInstall.Tests\SoftwareInstall.Tests.csproj", "{FF004CCD-8748-4F5E-9F38-CB522A71704C}"
EndProject
Project("{FAE04EC0-301F-11D3-BF4B-00C04F79EFBC}") = "TokenGenerator.Tests", "tests\TokenGenerator.Tests\TokenGenerator.Tests.csproj", "{21DA0A93-3243-45AF-97E8-D25EF4DDCC00}"
EndProject
Project("{FAE04EC0-301F-11D3-BF4B-00C04F79EFBC}") = "Vulnerability.Tests", "tests\Vulnerability.Tests\Vulnerability.Tests.csproj", "{0844380E-610C-48BA-AEF7-BED7AD24BBE4}"
EndProject
Global
	GlobalSection(SolutionConfigurationPlatforms) = preSolution
		Debug|Any CPU = Debug|Any CPU
		Debug|x64 = Debug|x64
		Debug|x86 = Debug|x86
		Release|Any CPU = Release|Any CPU
		Release|x64 = Release|x64
		Release|x86 = Release|x86
	EndGlobalSection
	GlobalSection(ProjectConfigurationPlatforms) = postSolution
		{09A64C89-D2C3-4784-A75E-093C9C534F8B}.Debug|Any CPU.ActiveCfg = Debug|Any CPU
		{09A64C89-D2C3-4784-A75E-093C9C534F8B}.Debug|Any CPU.Build.0 = Debug|Any CPU
		{09A64C89-D2C3-4784-A75E-093C9C534F8B}.Debug|x64.ActiveCfg = Debug|Any CPU
		{09A64C89-D2C3-4784-A75E-093C9C534F8B}.Debug|x64.Build.0 = Debug|Any CPU
		{09A64C89-D2C3-4784-A75E-093C9C534F8B}.Debug|x86.ActiveCfg = Debug|Any CPU
		{09A64C89-D2C3-4784-A75E-093C9C534F8B}.Debug|x86.Build.0 = Debug|Any CPU
		{09A64C89-D2C3-4784-A75E-093C9C534F8B}.Release|Any CPU.ActiveCfg = Release|Any CPU
		{09A64C89-D2C3-4784-A75E-093C9C534F8B}.Release|Any CPU.Build.0 = Release|Any CPU
		{09A64C89-D2C3-4784-A75E-093C9C534F8B}.Release|x64.ActiveCfg = Release|Any CPU
		{09A64C89-D2C3-4784-A75E-093C9C534F8B}.Release|x64.Build.0 = Release|Any CPU
		{09A64C89-D2C3-4784-A75E-093C9C534F8B}.Release|x86.ActiveCfg = Release|Any CPU
		{09A64C89-D2C3-4784-A75E-093C9C534F8B}.Release|x86.Build.0 = Release|Any CPU
		{3073A0D8-4683-4D2D-A674-91B98734D090}.Debug|Any CPU.ActiveCfg = Debug|Any CPU
		{3073A0D8-4683-4D2D-A674-91B98734D090}.Debug|Any CPU.Build.0 = Debug|Any CPU
		{3073A0D8-4683-4D2D-A674-91B98734D090}.Debug|x64.ActiveCfg = Debug|Any CPU
		{3073A0D8-4683-4D2D-A674-91B98734D090}.Debug|x64.Build.0 = Debug|Any CPU
		{3073A0D8-4683-4D2D-A674-91B98734D090}.Debug|x86.ActiveCfg = Debug|Any CPU
		{3073A0D8-4683-4D2D-A674-91B98734D090}.Debug|x86.Build.0 = Debug|Any CPU
		{3073A0D8-4683-4D2D-A674-91B98734D090}.Release|Any CPU.ActiveCfg = Release|Any CPU
		{3073A0D8-4683-4D2D-A674-91B98734D090}.Release|Any CPU.Build.0 = Release|Any CPU
		{3073A0D8-4683-4D2D-A674-91B98734D090}.Release|x64.ActiveCfg = Release|Any CPU
		{3073A0D8-4683-4D2D-A674-91B98734D090}.Release|x64.Build.0 = Release|Any CPU
		{3073A0D8-4683-4D2D-A674-91B98734D090}.Release|x86.ActiveCfg = Release|Any CPU
		{3073A0D8-4683-4D2D-A674-91B98734D090}.Release|x86.Build.0 = Release|Any CPU
		{9BC5E6AB-648D-4462-85BB-A4F5302B24C2}.Debug|Any CPU.ActiveCfg = Debug|Any CPU
		{9BC5E6AB-648D-4462-85BB-A4F5302B24C2}.Debug|Any CPU.Build.0 = Debug|Any CPU
		{9BC5E6AB-648D-4462-85BB-A4F5302B24C2}.Debug|x64.ActiveCfg = Debug|Any CPU
		{9BC5E6AB-648D-4462-85BB-A4F5302B24C2}.Debug|x64.Build.0 = Debug|Any CPU
		{9BC5E6AB-648D-4462-85BB-A4F5302B24C2}.Debug|x86.ActiveCfg = Debug|Any CPU
		{9BC5E6AB-648D-4462-85BB-A4F5302B24C2}.Debug|x86.Build.0 = Debug|Any CPU
		{9BC5E6AB-648D-4462-85BB-A4F5302B24C2}.Release|Any CPU.ActiveCfg = Release|Any CPU
		{9BC5E6AB-648D-4462-85BB-A4F5302B24C2}.Release|Any CPU.Build.0 = Release|Any CPU
		{9BC5E6AB-648D-4462-85BB-A4F5302B24C2}.Release|x64.ActiveCfg = Release|Any CPU
		{9BC5E6AB-648D-4462-85BB-A4F5302B24C2}.Release|x64.Build.0 = Release|Any CPU
		{9BC5E6AB-648D-4462-85BB-A4F5302B24C2}.Release|x86.ActiveCfg = Release|Any CPU
		{9BC5E6AB-648D-4462-85BB-A4F5302B24C2}.Release|x86.Build.0 = Release|Any CPU
		{ABADF68E-CA72-40E7-B338-C83DAB3CF41C}.Debug|Any CPU.ActiveCfg = Debug|Any CPU
		{ABADF68E-CA72-40E7-B338-C83DAB3CF41C}.Debug|Any CPU.Build.0 = Debug|Any CPU
		{ABADF68E-CA72-40E7-B338-C83DAB3CF41C}.Debug|x64.ActiveCfg = Debug|Any CPU
		{ABADF68E-CA72-40E7-B338-C83DAB3CF41C}.Debug|x64.Build.0 = Debug|Any CPU
		{ABADF68E-CA72-40E7-B338-C83DAB3CF41C}.Debug|x86.ActiveCfg = Debug|Any CPU
		{ABADF68E-CA72-40E7-B338-C83DAB3CF41C}.Debug|x86.Build.0 = Debug|Any CPU
		{ABADF68E-CA72-40E7-B338-C83DAB3CF41C}.Release|Any CPU.ActiveCfg = Release|Any CPU
		{ABADF68E-CA72-40E7-B338-C83DAB3CF41C}.Release|Any CPU.Build.0 = Release|Any CPU
		{ABADF68E-CA72-40E7-B338-C83DAB3CF41C}.Release|x64.ActiveCfg = Release|Any CPU
		{ABADF68E-CA72-40E7-B338-C83DAB3CF41C}.Release|x64.Build.0 = Release|Any CPU
		{ABADF68E-CA72-40E7-B338-C83DAB3CF41C}.Release|x86.ActiveCfg = Release|Any CPU
		{ABADF68E-CA72-40E7-B338-C83DAB3CF41C}.Release|x86.Build.0 = Release|Any CPU
		{998EE6B4-2788-4765-9A4C-4A5F6F2BEB1A}.Debug|Any CPU.ActiveCfg = Debug|Any CPU
		{998EE6B4-2788-4765-9A4C-4A5F6F2BEB1A}.Debug|Any CPU.Build.0 = Debug|Any CPU
		{998EE6B4-2788-4765-9A4C-4A5F6F2BEB1A}.Debug|x64.ActiveCfg = Debug|Any CPU
		{998EE6B4-2788-4765-9A4C-4A5F6F2BEB1A}.Debug|x64.Build.0 = Debug|Any CPU
		{998EE6B4-2788-4765-9A4C-4A5F6F2BEB1A}.Debug|x86.ActiveCfg = Debug|Any CPU
		{998EE6B4-2788-4765-9A4C-4A5F6F2BEB1A}.Debug|x86.Build.0 = Debug|Any CPU
		{998EE6B4-2788-4765-9A4C-4A5F6F2BEB1A}.Release|Any CPU.ActiveCfg = Release|Any CPU
		{998EE6B4-2788-4765-9A4C-4A5F6F2BEB1A}.Release|Any CPU.Build.0 = Release|Any CPU
		{998EE6B4-2788-4765-9A4C-4A5F6F2BEB1A}.Release|x64.ActiveCfg = Release|Any CPU
		{998EE6B4-2788-4765-9A4C-4A5F6F2BEB1A}.Release|x64.Build.0 = Release|Any CPU
		{998EE6B4-2788-4765-9A4C-4A5F6F2BEB1A}.Release|x86.ActiveCfg = Release|Any CPU
		{998EE6B4-2788-4765-9A4C-4A5F6F2BEB1A}.Release|x86.Build.0 = Release|Any CPU
		{024D9201-20B2-4C53-81A7-E355523FF659}.Debug|Any CPU.ActiveCfg = Debug|Any CPU
		{024D9201-20B2-4C53-81A7-E355523FF659}.Debug|Any CPU.Build.0 = Debug|Any CPU
		{024D9201-20B2-4C53-81A7-E355523FF659}.Debug|x64.ActiveCfg = Debug|Any CPU
		{024D9201-20B2-4C53-81A7-E355523FF659}.Debug|x64.Build.0 = Debug|Any CPU
		{024D9201-20B2-4C53-81A7-E355523FF659}.Debug|x86.ActiveCfg = Debug|Any CPU
		{024D9201-20B2-4C53-81A7-E355523FF659}.Debug|x86.Build.0 = Debug|Any CPU
		{024D9201-20B2-4C53-81A7-E355523FF659}.Release|Any CPU.ActiveCfg = Release|Any CPU
		{024D9201-20B2-4C53-81A7-E355523FF659}.Release|Any CPU.Build.0 = Release|Any CPU
		{024D9201-20B2-4C53-81A7-E355523FF659}.Release|x64.ActiveCfg = Release|Any CPU
		{024D9201-20B2-4C53-81A7-E355523FF659}.Release|x64.Build.0 = Release|Any CPU
		{024D9201-20B2-4C53-81A7-E355523FF659}.Release|x86.ActiveCfg = Release|Any CPU
		{024D9201-20B2-4C53-81A7-E355523FF659}.Release|x86.Build.0 = Release|Any CPU
		{9809DDB9-4B4D-4C1C-AAD5-342DD0A8C68C}.Debug|Any CPU.ActiveCfg = Debug|Any CPU
		{9809DDB9-4B4D-4C1C-AAD5-342DD0A8C68C}.Debug|Any CPU.Build.0 = Debug|Any CPU
		{9809DDB9-4B4D-4C1C-AAD5-342DD0A8C68C}.Debug|x64.ActiveCfg = Debug|Any CPU
		{9809DDB9-4B4D-4C1C-AAD5-342DD0A8C68C}.Debug|x64.Build.0 = Debug|Any CPU
		{9809DDB9-4B4D-4C1C-AAD5-342DD0A8C68C}.Debug|x86.ActiveCfg = Debug|Any CPU
		{9809DDB9-4B4D-4C1C-AAD5-342DD0A8C68C}.Debug|x86.Build.0 = Debug|Any CPU
		{9809DDB9-4B4D-4C1C-AAD5-342DD0A8C68C}.Release|Any CPU.ActiveCfg = Release|Any CPU
		{9809DDB9-4B4D-4C1C-AAD5-342DD0A8C68C}.Release|Any CPU.Build.0 = Release|Any CPU
		{9809DDB9-4B4D-4C1C-AAD5-342DD0A8C68C}.Release|x64.ActiveCfg = Release|Any CPU
		{9809DDB9-4B4D-4C1C-AAD5-342DD0A8C68C}.Release|x64.Build.0 = Release|Any CPU
		{9809DDB9-4B4D-4C1C-AAD5-342DD0A8C68C}.Release|x86.ActiveCfg = Release|Any CPU
		{9809DDB9-4B4D-4C1C-AAD5-342DD0A8C68C}.Release|x86.Build.0 = Release|Any CPU
		{AAD1A900-C137-4B1D-ACB6-F9106C07D0FA}.Debug|Any CPU.ActiveCfg = Debug|Any CPU
		{AAD1A900-C137-4B1D-ACB6-F9106C07D0FA}.Debug|Any CPU.Build.0 = Debug|Any CPU
		{AAD1A900-C137-4B1D-ACB6-F9106C07D0FA}.Debug|x64.ActiveCfg = Debug|Any CPU
		{AAD1A900-C137-4B1D-ACB6-F9106C07D0FA}.Debug|x64.Build.0 = Debug|Any CPU
		{AAD1A900-C137-4B1D-ACB6-F9106C07D0FA}.Debug|x86.ActiveCfg = Debug|Any CPU
		{AAD1A900-C137-4B1D-ACB6-F9106C07D0FA}.Debug|x86.Build.0 = Debug|Any CPU
		{AAD1A900-C137-4B1D-ACB6-F9106C07D0FA}.Release|Any CPU.ActiveCfg = Release|Any CPU
		{AAD1A900-C137-4B1D-ACB6-F9106C07D0FA}.Release|Any CPU.Build.0 = Release|Any CPU
		{AAD1A900-C137-4B1D-ACB6-F9106C07D0FA}.Release|x64.ActiveCfg = Release|Any CPU
		{AAD1A900-C137-4B1D-ACB6-F9106C07D0FA}.Release|x64.Build.0 = Release|Any CPU
		{AAD1A900-C137-4B1D-ACB6-F9106C07D0FA}.Release|x86.ActiveCfg = Release|Any CPU
		{AAD1A900-C137-4B1D-ACB6-F9106C07D0FA}.Release|x86.Build.0 = Release|Any CPU
		{D6869FBF-F4E7-4A02-BC50-FF6434ECBFA1}.Debug|Any CPU.ActiveCfg = Debug|Any CPU
		{D6869FBF-F4E7-4A02-BC50-FF6434ECBFA1}.Debug|Any CPU.Build.0 = Debug|Any CPU
		{D6869FBF-F4E7-4A02-BC50-FF6434ECBFA1}.Debug|x64.ActiveCfg = Debug|Any CPU
		{D6869FBF-F4E7-4A02-BC50-FF6434ECBFA1}.Debug|x64.Build.0 = Debug|Any CPU
		{D6869FBF-F4E7-4A02-BC50-FF6434ECBFA1}.Debug|x86.ActiveCfg = Debug|Any CPU
		{D6869FBF-F4E7-4A02-BC50-FF6434ECBFA1}.Debug|x86.Build.0 = Debug|Any CPU
		{D6869FBF-F4E7-4A02-BC50-FF6434ECBFA1}.Release|Any CPU.ActiveCfg = Release|Any CPU
		{D6869FBF-F4E7-4A02-BC50-FF6434ECBFA1}.Release|Any CPU.Build.0 = Release|Any CPU
		{D6869FBF-F4E7-4A02-BC50-FF6434ECBFA1}.Release|x64.ActiveCfg = Release|Any CPU
		{D6869FBF-F4E7-4A02-BC50-FF6434ECBFA1}.Release|x64.Build.0 = Release|Any CPU
		{D6869FBF-F4E7-4A02-BC50-FF6434ECBFA1}.Release|x86.ActiveCfg = Release|Any CPU
		{D6869FBF-F4E7-4A02-BC50-FF6434ECBFA1}.Release|x86.Build.0 = Release|Any CPU
		{C9AE3A06-DC3F-453B-8C8F-56EE97A2C9F6}.Debug|Any CPU.ActiveCfg = Debug|Any CPU
		{C9AE3A06-DC3F-453B-8C8F-56EE97A2C9F6}.Debug|Any CPU.Build.0 = Debug|Any CPU
		{C9AE3A06-DC3F-453B-8C8F-56EE97A2C9F6}.Debug|x64.ActiveCfg = Debug|Any CPU
		{C9AE3A06-DC3F-453B-8C8F-56EE97A2C9F6}.Debug|x64.Build.0 = Debug|Any CPU
		{C9AE3A06-DC3F-453B-8C8F-56EE97A2C9F6}.Debug|x86.ActiveCfg = Debug|Any CPU
		{C9AE3A06-DC3F-453B-8C8F-56EE97A2C9F6}.Debug|x86.Build.0 = Debug|Any CPU
		{C9AE3A06-DC3F-453B-8C8F-56EE97A2C9F6}.Release|Any CPU.ActiveCfg = Release|Any CPU
		{C9AE3A06-DC3F-453B-8C8F-56EE97A2C9F6}.Release|Any CPU.Build.0 = Release|Any CPU
		{C9AE3A06-DC3F-453B-8C8F-56EE97A2C9F6}.Release|x64.ActiveCfg = Release|Any CPU
		{C9AE3A06-DC3F-453B-8C8F-56EE97A2C9F6}.Release|x64.Build.0 = Release|Any CPU
		{C9AE3A06-DC3F-453B-8C8F-56EE97A2C9F6}.Release|x86.ActiveCfg = Release|Any CPU
		{C9AE3A06-DC3F-453B-8C8F-56EE97A2C9F6}.Release|x86.Build.0 = Release|Any CPU
		{A5DEE8DD-8B1F-437B-9BDD-0B1A985B6F04}.Debug|Any CPU.ActiveCfg = Debug|Any CPU
		{A5DEE8DD-8B1F-437B-9BDD-0B1A985B6F04}.Debug|Any CPU.Build.0 = Debug|Any CPU
		{A5DEE8DD-8B1F-437B-9BDD-0B1A985B6F04}.Debug|x64.ActiveCfg = Debug|Any CPU
		{A5DEE8DD-8B1F-437B-9BDD-0B1A985B6F04}.Debug|x64.Build.0 = Debug|Any CPU
		{A5DEE8DD-8B1F-437B-9BDD-0B1A985B6F04}.Debug|x86.ActiveCfg = Debug|Any CPU
		{A5DEE8DD-8B1F-437B-9BDD-0B1A985B6F04}.Debug|x86.Build.0 = Debug|Any CPU
		{A5DEE8DD-8B1F-437B-9BDD-0B1A985B6F04}.Release|Any CPU.ActiveCfg = Release|Any CPU
		{A5DEE8DD-8B1F-437B-9BDD-0B1A985B6F04}.Release|Any CPU.Build.0 = Release|Any CPU
		{A5DEE8DD-8B1F-437B-9BDD-0B1A985B6F04}.Release|x64.ActiveCfg = Release|Any CPU
		{A5DEE8DD-8B1F-437B-9BDD-0B1A985B6F04}.Release|x64.Build.0 = Release|Any CPU
		{A5DEE8DD-8B1F-437B-9BDD-0B1A985B6F04}.Release|x86.ActiveCfg = Release|Any CPU
		{A5DEE8DD-8B1F-437B-9BDD-0B1A985B6F04}.Release|x86.Build.0 = Release|Any CPU
		{85A08AF3-C776-4395-99ED-FD15DDB977A2}.Debug|Any CPU.ActiveCfg = Debug|Any CPU
		{85A08AF3-C776-4395-99ED-FD15DDB977A2}.Debug|Any CPU.Build.0 = Debug|Any CPU
		{85A08AF3-C776-4395-99ED-FD15DDB977A2}.Debug|x64.ActiveCfg = Debug|Any CPU
		{85A08AF3-C776-4395-99ED-FD15DDB977A2}.Debug|x64.Build.0 = Debug|Any CPU
		{85A08AF3-C776-4395-99ED-FD15DDB977A2}.Debug|x86.ActiveCfg = Debug|Any CPU
		{85A08AF3-C776-4395-99ED-FD15DDB977A2}.Debug|x86.Build.0 = Debug|Any CPU
		{85A08AF3-C776-4395-99ED-FD15DDB977A2}.Release|Any CPU.ActiveCfg = Release|Any CPU
		{85A08AF3-C776-4395-99ED-FD15DDB977A2}.Release|Any CPU.Build.0 = Release|Any CPU
		{85A08AF3-C776-4395-99ED-FD15DDB977A2}.Release|x64.ActiveCfg = Release|Any CPU
		{85A08AF3-C776-4395-99ED-FD15DDB977A2}.Release|x64.Build.0 = Release|Any CPU
		{85A08AF3-C776-4395-99ED-FD15DDB977A2}.Release|x86.ActiveCfg = Release|Any CPU
		{85A08AF3-C776-4395-99ED-FD15DDB977A2}.Release|x86.Build.0 = Release|Any CPU
		{1ACFA897-8CF0-4F2F-8791-DE0809812B71}.Debug|Any CPU.ActiveCfg = Debug|Any CPU
		{1ACFA897-8CF0-4F2F-8791-DE0809812B71}.Debug|Any CPU.Build.0 = Debug|Any CPU
		{1ACFA897-8CF0-4F2F-8791-DE0809812B71}.Debug|x64.ActiveCfg = Debug|Any CPU
		{1ACFA897-8CF0-4F2F-8791-DE0809812B71}.Debug|x64.Build.0 = Debug|Any CPU
		{1ACFA897-8CF0-4F2F-8791-DE0809812B71}.Debug|x86.ActiveCfg = Debug|Any CPU
		{1ACFA897-8CF0-4F2F-8791-DE0809812B71}.Debug|x86.Build.0 = Debug|Any CPU
		{1ACFA897-8CF0-4F2F-8791-DE0809812B71}.Release|Any CPU.ActiveCfg = Release|Any CPU
		{1ACFA897-8CF0-4F2F-8791-DE0809812B71}.Release|Any CPU.Build.0 = Release|Any CPU
		{1ACFA897-8CF0-4F2F-8791-DE0809812B71}.Release|x64.ActiveCfg = Release|Any CPU
		{1ACFA897-8CF0-4F2F-8791-DE0809812B71}.Release|x64.Build.0 = Release|Any CPU
		{1ACFA897-8CF0-4F2F-8791-DE0809812B71}.Release|x86.ActiveCfg = Release|Any CPU
		{1ACFA897-8CF0-4F2F-8791-DE0809812B71}.Release|x86.Build.0 = Release|Any CPU
		{FF004CCD-8748-4F5E-9F38-CB522A71704C}.Debug|Any CPU.ActiveCfg = Debug|Any CPU
		{FF004CCD-8748-4F5E-9F38-CB522A71704C}.Debug|Any CPU.Build.0 = Debug|Any CPU
		{FF004CCD-8748-4F5E-9F38-CB522A71704C}.Debug|x64.ActiveCfg = Debug|Any CPU
		{FF004CCD-8748-4F5E-9F38-CB522A71704C}.Debug|x64.Build.0 = Debug|Any CPU
		{FF004CCD-8748-4F5E-9F38-CB522A71704C}.Debug|x86.ActiveCfg = Debug|Any CPU
		{FF004CCD-8748-4F5E-9F38-CB522A71704C}.Debug|x86.Build.0 = Debug|Any CPU
		{FF004CCD-8748-4F5E-9F38-CB522A71704C}.Release|Any CPU.ActiveCfg = Release|Any CPU
		{FF004CCD-8748-4F5E-9F38-CB522A71704C}.Release|Any CPU.Build.0 = Release|Any CPU
		{FF004CCD-8748-4F5E-9F38-CB522A71704C}.Release|x64.ActiveCfg = Release|Any CPU
		{FF004CCD-8748-4F5E-9F38-CB522A71704C}.Release|x64.Build.0 = Release|Any CPU
		{FF004CCD-8748-4F5E-9F38-CB522A71704C}.Release|x86.ActiveCfg = Release|Any CPU
		{FF004CCD-8748-4F5E-9F38-CB522A71704C}.Release|x86.Build.0 = Release|Any CPU
		{21DA0A93-3243-45AF-97E8-D25EF4DDCC00}.Debug|Any CPU.ActiveCfg = Debug|Any CPU
		{21DA0A93-3243-45AF-97E8-D25EF4DDCC00}.Debug|Any CPU.Build.0 = Debug|Any CPU
		{21DA0A93-3243-45AF-97E8-D25EF4DDCC00}.Debug|x64.ActiveCfg = Debug|Any CPU
		{21DA0A93-3243-45AF-97E8-D25EF4DDCC00}.Debug|x64.Build.0 = Debug|Any CPU
		{21DA0A93-3243-45AF-97E8-D25EF4DDCC00}.Debug|x86.ActiveCfg = Debug|Any CPU
		{21DA0A93-3243-45AF-97E8-D25EF4DDCC00}.Debug|x86.Build.0 = Debug|Any CPU
		{21DA0A93-3243-45AF-97E8-D25EF4DDCC00}.Release|Any CPU.ActiveCfg = Release|Any CPU
		{21DA0A93-3243-45AF-97E8-D25EF4DDCC00}.Release|Any CPU.Build.0 = Release|Any CPU
		{21DA0A93-3243-45AF-97E8-D25EF4DDCC00}.Release|x64.ActiveCfg = Release|Any CPU
		{21DA0A93-3243-45AF-97E8-D25EF4DDCC00}.Release|x64.Build.0 = Release|Any CPU
		{21DA0A93-3243-45AF-97E8-D25EF4DDCC00}.Release|x86.ActiveCfg = Release|Any CPU
		{21DA0A93-3243-45AF-97E8-D25EF4DDCC00}.Release|x86.Build.0 = Release|Any CPU
		{0844380E-610C-48BA-AEF7-BED7AD24BBE4}.Debug|Any CPU.ActiveCfg = Debug|Any CPU
		{0844380E-610C-48BA-AEF7-BED7AD24BBE4}.Debug|Any CPU.Build.0 = Debug|Any CPU
		{0844380E-610C-48BA-AEF7-BED7AD24BBE4}.Debug|x64.ActiveCfg = Debug|Any CPU
		{0844380E-610C-48BA-AEF7-BED7AD24BBE4}.Debug|x64.Build.0 = Debug|Any CPU
		{0844380E-610C-48BA-AEF7-BED7AD24BBE4}.Debug|x86.ActiveCfg = Debug|Any CPU
		{0844380E-610C-48BA-AEF7-BED7AD24BBE4}.Debug|x86.Build.0 = Debug|Any CPU
		{0844380E-610C-48BA-AEF7-BED7AD24BBE4}.Release|Any CPU.ActiveCfg = Release|Any CPU
		{0844380E-610C-48BA-AEF7-BED7AD24BBE4}.Release|Any CPU.Build.0 = Release|Any CPU
		{0844380E-610C-48BA-AEF7-BED7AD24BBE4}.Release|x64.ActiveCfg = Release|Any CPU
		{0844380E-610C-48BA-AEF7-BED7AD24BBE4}.Release|x64.Build.0 = Release|Any CPU
		{0844380E-610C-48BA-AEF7-BED7AD24BBE4}.Release|x86.ActiveCfg = Release|Any CPU
		{0844380E-610C-48BA-AEF7-BED7AD24BBE4}.Release|x86.Build.0 = Release|Any CPU
	EndGlobalSection
	GlobalSection(SolutionProperties) = preSolution
		HideSolutionNode = FALSE
	EndGlobalSection
	GlobalSection(NestedProjects) = preSolution
		{09A64C89-D2C3-4784-A75E-093C9C534F8B} = {827E0CD3-B72D-47B6-A68D-7590B98EB39B}
		{3073A0D8-4683-4D2D-A674-91B98734D090} = {827E0CD3-B72D-47B6-A68D-7590B98EB39B}
		{9BC5E6AB-648D-4462-85BB-A4F5302B24C2} = {827E0CD3-B72D-47B6-A68D-7590B98EB39B}
		{ABADF68E-CA72-40E7-B338-C83DAB3CF41C} = {827E0CD3-B72D-47B6-A68D-7590B98EB39B}
		{998EE6B4-2788-4765-9A4C-4A5F6F2BEB1A} = {827E0CD3-B72D-47B6-A68D-7590B98EB39B}
		{024D9201-20B2-4C53-81A7-E355523FF659} = {827E0CD3-B72D-47B6-A68D-7590B98EB39B}
		{9809DDB9-4B4D-4C1C-AAD5-342DD0A8C68C} = {827E0CD3-B72D-47B6-A68D-7590B98EB39B}
		{AAD1A900-C137-4B1D-ACB6-F9106C07D0FA} = {827E0CD3-B72D-47B6-A68D-7590B98EB39B}
		{D6869FBF-F4E7-4A02-BC50-FF6434ECBFA1} = {0AB3BF05-4346-4AA6-1389-037BE0695223}
		{C9AE3A06-DC3F-453B-8C8F-56EE97A2C9F6} = {0AB3BF05-4346-4AA6-1389-037BE0695223}
		{A5DEE8DD-8B1F-437B-9BDD-0B1A985B6F04} = {0AB3BF05-4346-4AA6-1389-037BE0695223}
		{85A08AF3-C776-4395-99ED-FD15DDB977A2} = {0AB3BF05-4346-4AA6-1389-037BE0695223}
		{1ACFA897-8CF0-4F2F-8791-DE0809812B71} = {0AB3BF05-4346-4AA6-1389-037BE0695223}
		{FF004CCD-8748-4F5E-9F38-CB522A71704C} = {0AB3BF05-4346-4AA6-1389-037BE0695223}
		{21DA0A93-3243-45AF-97E8-D25EF4DDCC00} = {0AB3BF05-4346-4AA6-1389-037BE0695223}
		{0844380E-610C-48BA-AEF7-BED7AD24BBE4} = {0AB3BF05-4346-4AA6-1389-037BE0695223}
	EndGlobalSection
EndGlobal
